
Microsoft Visual Studio Solution File, Format Version 12.00
# Visual Studio 2013
VisualStudioVersion = 12.0.40629.0
MinimumVisualStudioVersion = 10.0.40219.1
Project("{8BC9CEB8-8B4A-11D0-8D11-00A0C91BC942}") = "ProgrammingCourse", "ProgrammingCourse\ProgrammingCourse.vcxproj", "{2BFE248E-91E5-474C-90DF-B744C745C2A8}"
EndProject
Project("{8BC9CEB8-8B4A-11D0-8D11-00A0C91BC942}") = "IOCCC", "IOCCC\IOCCC.vcxproj", "{69A2A424-4DDA-46F9-AA4F-BC48441BF876}"
EndProject
Project("{8BC9CEB8-8B4A-11D0-8D11-00A0C91BC942}") = "DynamicDataStructures", "DynamicDataStructures\DynamicDataStructures.vcxproj", "{D0C049D3-78A5-48F2-9DE0-3BC94929F8A7}"
EndProject
Project("{8BC9CEB8-8B4A-11D0-8D11-00A0C91BC942}") = "ReadWriteFiles", "ReadWriteFiles\ReadWriteFiles.vcxproj", "{C0BB74FA-E83E-40CC-BC84-75BD9876FC3C}"
EndProject
Project("{8BC9CEB8-8B4A-11D0-8D11-00A0C91BC942}") = "Cplusplus11", "Cplusplus11\Cplusplus11.vcxproj", "{FD879CDC-5A63-4933-BB07-4DFD863A50F9}"
EndProject
Project("{8BC9CEB8-8B4A-11D0-8D11-00A0C91BC942}") = "test_2_semester_1", "test_2_semester_1\test_2_semester_1.vcxproj", "{3F15BEC3-47B5-4FFD-B9B3-F20B70B5EA52}"
EndProject
Project("{8BC9CEB8-8B4A-11D0-8D11-00A0C91BC942}") = "Scratchpad", "Scratchpad\Scratchpad.vcxproj", "{0C99FA91-7935-41D0-ABF0-89584D4ABA5C}"
EndProject
Project("{8BC9CEB8-8B4A-11D0-8D11-00A0C91BC942}") = "Inheritance", "Inheritance\Inheritance.vcxproj", "{AF746C17-389C-4325-AD77-B0B4C389232B}"
EndProject
Project("{8BC9CEB8-8B4A-11D0-8D11-00A0C91BC942}") = "freeglut_scratchpad", "freeglut_scratchpad\freeglut_scratchpad.vcxproj", "{ECF9955F-E438-4057-A5E9-B048CBCE55D0}"
EndProject
Project("{8BC9CEB8-8B4A-11D0-8D11-00A0C91BC942}") = "freeglut_template_extended", "freeglut_template_extended\freeglut_template_extended.vcxproj", "{706F8F0F-8706-4113-A511-241FD0EE08C4}"
EndProject
Project("{8BC9CEB8-8B4A-11D0-8D11-00A0C91BC942}") = "freeglut_3d", "freeglut_3d\freeglut_3d.vcxproj", "{7D2815EE-C8B0-48F8-9AC6-7344A0158DB4}"
EndProject
Project("{8BC9CEB8-8B4A-11D0-8D11-00A0C91BC942}") = "VectorPassingTests", "VectorPassingTests\VectorPassingTests.vcxproj", "{72363731-3EE4-4E57-8A06-0AA8777D4583}"
EndProject
Project("{8BC9CEB8-8B4A-11D0-8D11-00A0C91BC942}") = "sdl_template", "sdl_template\sdl_template.vcxproj", "{C0333C4D-E1D0-45FC-9D05-BC6FADD420BE}"
EndProject
Project("{8BC9CEB8-8B4A-11D0-8D11-00A0C91BC942}") = "sdl_game_tanks", "sdl_game_tanks\sdl_game_tanks.vcxproj", "{19D9FE95-745E-415B-99F4-5269A231EA58}"
EndProject
Project("{8BC9CEB8-8B4A-11D0-8D11-00A0C91BC942}") = "lab_03_flow_control_loops", "lab_03_flow_control_loops\lab_03_flow_control_loops.vcxproj", "{198CD8F8-0BBB-4F29-8885-005FB4184BB0}"
EndProject
Project("{8BC9CEB8-8B4A-11D0-8D11-00A0C91BC942}") = "lab_04_arrays", "lab_04_arrays\lab_04_arrays.vcxproj", "{2F1054DE-E355-4A13-BF10-135C2ED60B01}"
EndProject
Project("{8BC9CEB8-8B4A-11D0-8D11-00A0C91BC942}") = "lab_05_functions", "lab_05_functions\lab_05_functions.vcxproj", "{CD5864CE-5BAB-4EA7-919B-A5BFB684F9CC}"
EndProject
Project("{8BC9CEB8-8B4A-11D0-8D11-00A0C91BC942}") = "lab_06_functions", "lab_06_functions\lab_06_functions.vcxproj", "{1313FEBB-0E3D-4257-B506-99B247CCFCC2}"
EndProject
Project("{8BC9CEB8-8B4A-11D0-8D11-00A0C91BC942}") = "lab_09_containers", "lab_09_containers\lab_09_containers.vcxproj", "{F9331A1B-5FBF-43E4-8FD1-6D69B31FDFD8}"
EndProject
Project("{8BC9CEB8-8B4A-11D0-8D11-00A0C91BC942}") = "lab_07_test_preparation", "lab_07_test_preparation\lab_07_test_preparation.vcxproj", "{C831715F-400B-4B49-9351-667A08AC3517}"
EndProject
Project("{8BC9CEB8-8B4A-11D0-8D11-00A0C91BC942}") = "lab_11_containers", "lab_11_containers\lab_11_containers.vcxproj", "{62CCA57D-410A-4ED5-BCE1-01D2CEB33C71}"
EndProject
Project("{8BC9CEB8-8B4A-11D0-8D11-00A0C91BC942}") = "lab_01_introduction", "lab_01_introduction\lab_01_introduction.vcxproj", "{53925210-1BD1-4812-8126-FCF3E1CA19FE}"
EndProject
Project("{8BC9CEB8-8B4A-11D0-8D11-00A0C91BC942}") = "lab_02_variables", "lab_02_variables\lab_02_variables.vcxproj", "{9DF48F32-07E2-4C0E-80D0-BE38E541AFA0}"
EndProject
Project("{8BC9CEB8-8B4A-11D0-8D11-00A0C91BC942}") = "lab_10_structures", "lab_10_structures\lab_10_structures.vcxproj", "{E34C5054-9EBD-4D05-9E2E-19A8F95A4FE9}"
EndProject
Project("{8BC9CEB8-8B4A-11D0-8D11-00A0C91BC942}") = "lab_12_files", "lab_12_files\lab_12_files.vcxproj", "{6A99C929-FCEA-40DC-9BDC-F8428FE8FC64}"
EndProject
Project("{8BC9CEB8-8B4A-11D0-8D11-00A0C91BC942}") = "lab_s02e02_operators_overloading", "lab_s02e02_operators_overloading\lab_s02e02_operators_overloading.vcxproj", "{40CBC31B-BBDB-4852-A4EA-8A440DB4D1E7}"
EndProject
Project("{8BC9CEB8-8B4A-11D0-8D11-00A0C91BC942}") = "lab_s02e03_freeglut_template", "lab_s02e03_freeglut_template\lab_s02e03_freeglut_template.vcxproj", "{B02C363F-31DE-4AEB-B836-545C330090E3}"
EndProject
Project("{8BC9CEB8-8B4A-11D0-8D11-00A0C91BC942}") = "lab_s02eXX_freeglut_game_tanks", "lab_s02eXX_freeglut_game_tanks\lab_s02eXX_freeglut_game_tanks.vcxproj", "{99A3B2EF-FF6E-42C5-965F-3624A81C70E8}"
EndProject
Project("{8BC9CEB8-8B4A-11D0-8D11-00A0C91BC942}") = "lab_s02e03_template_extended", "lab_s02e03_template_extended\lab_s02e03_template_extended.vcxproj", "{B759D58E-75DD-45BA-BE86-2CA02D774DBA}"
EndProject
Global
	GlobalSection(SolutionConfigurationPlatforms) = preSolution
		Debug|Any CPU = Debug|Any CPU
		Debug|Mixed Platforms = Debug|Mixed Platforms
		Debug|Win32 = Debug|Win32
		Release|Any CPU = Release|Any CPU
		Release|Mixed Platforms = Release|Mixed Platforms
		Release|Win32 = Release|Win32
	EndGlobalSection
	GlobalSection(ProjectConfigurationPlatforms) = postSolution
		{2BFE248E-91E5-474C-90DF-B744C745C2A8}.Debug|Any CPU.ActiveCfg = Debug|Win32
		{2BFE248E-91E5-474C-90DF-B744C745C2A8}.Debug|Mixed Platforms.ActiveCfg = Debug|Win32
		{2BFE248E-91E5-474C-90DF-B744C745C2A8}.Debug|Mixed Platforms.Build.0 = Debug|Win32
		{2BFE248E-91E5-474C-90DF-B744C745C2A8}.Debug|Win32.ActiveCfg = Debug|Win32
		{2BFE248E-91E5-474C-90DF-B744C745C2A8}.Debug|Win32.Build.0 = Debug|Win32
		{2BFE248E-91E5-474C-90DF-B744C745C2A8}.Release|Any CPU.ActiveCfg = Release|Win32
		{2BFE248E-91E5-474C-90DF-B744C745C2A8}.Release|Mixed Platforms.ActiveCfg = Release|Win32
		{2BFE248E-91E5-474C-90DF-B744C745C2A8}.Release|Mixed Platforms.Build.0 = Release|Win32
		{2BFE248E-91E5-474C-90DF-B744C745C2A8}.Release|Win32.ActiveCfg = Release|Win32
		{2BFE248E-91E5-474C-90DF-B744C745C2A8}.Release|Win32.Build.0 = Release|Win32
		{69A2A424-4DDA-46F9-AA4F-BC48441BF876}.Debug|Any CPU.ActiveCfg = Debug|Win32
		{69A2A424-4DDA-46F9-AA4F-BC48441BF876}.Debug|Mixed Platforms.ActiveCfg = Debug|Win32
		{69A2A424-4DDA-46F9-AA4F-BC48441BF876}.Debug|Mixed Platforms.Build.0 = Debug|Win32
		{69A2A424-4DDA-46F9-AA4F-BC48441BF876}.Debug|Win32.ActiveCfg = Debug|Win32
		{69A2A424-4DDA-46F9-AA4F-BC48441BF876}.Debug|Win32.Build.0 = Debug|Win32
		{69A2A424-4DDA-46F9-AA4F-BC48441BF876}.Release|Any CPU.ActiveCfg = Release|Win32
		{69A2A424-4DDA-46F9-AA4F-BC48441BF876}.Release|Mixed Platforms.ActiveCfg = Release|Win32
		{69A2A424-4DDA-46F9-AA4F-BC48441BF876}.Release|Mixed Platforms.Build.0 = Release|Win32
		{69A2A424-4DDA-46F9-AA4F-BC48441BF876}.Release|Win32.ActiveCfg = Release|Win32
		{69A2A424-4DDA-46F9-AA4F-BC48441BF876}.Release|Win32.Build.0 = Release|Win32
		{D0C049D3-78A5-48F2-9DE0-3BC94929F8A7}.Debug|Any CPU.ActiveCfg = Debug|Win32
		{D0C049D3-78A5-48F2-9DE0-3BC94929F8A7}.Debug|Mixed Platforms.ActiveCfg = Debug|Win32
		{D0C049D3-78A5-48F2-9DE0-3BC94929F8A7}.Debug|Mixed Platforms.Build.0 = Debug|Win32
		{D0C049D3-78A5-48F2-9DE0-3BC94929F8A7}.Debug|Win32.ActiveCfg = Debug|Win32
		{D0C049D3-78A5-48F2-9DE0-3BC94929F8A7}.Debug|Win32.Build.0 = Debug|Win32
		{D0C049D3-78A5-48F2-9DE0-3BC94929F8A7}.Release|Any CPU.ActiveCfg = Release|Win32
		{D0C049D3-78A5-48F2-9DE0-3BC94929F8A7}.Release|Mixed Platforms.ActiveCfg = Release|Win32
		{D0C049D3-78A5-48F2-9DE0-3BC94929F8A7}.Release|Mixed Platforms.Build.0 = Release|Win32
		{D0C049D3-78A5-48F2-9DE0-3BC94929F8A7}.Release|Win32.ActiveCfg = Release|Win32
		{D0C049D3-78A5-48F2-9DE0-3BC94929F8A7}.Release|Win32.Build.0 = Release|Win32
		{C0BB74FA-E83E-40CC-BC84-75BD9876FC3C}.Debug|Any CPU.ActiveCfg = Debug|Win32
		{C0BB74FA-E83E-40CC-BC84-75BD9876FC3C}.Debug|Mixed Platforms.ActiveCfg = Debug|Win32
		{C0BB74FA-E83E-40CC-BC84-75BD9876FC3C}.Debug|Mixed Platforms.Build.0 = Debug|Win32
		{C0BB74FA-E83E-40CC-BC84-75BD9876FC3C}.Debug|Win32.ActiveCfg = Debug|Win32
		{C0BB74FA-E83E-40CC-BC84-75BD9876FC3C}.Debug|Win32.Build.0 = Debug|Win32
		{C0BB74FA-E83E-40CC-BC84-75BD9876FC3C}.Release|Any CPU.ActiveCfg = Release|Win32
		{C0BB74FA-E83E-40CC-BC84-75BD9876FC3C}.Release|Mixed Platforms.ActiveCfg = Release|Win32
		{C0BB74FA-E83E-40CC-BC84-75BD9876FC3C}.Release|Mixed Platforms.Build.0 = Release|Win32
		{C0BB74FA-E83E-40CC-BC84-75BD9876FC3C}.Release|Win32.ActiveCfg = Release|Win32
		{C0BB74FA-E83E-40CC-BC84-75BD9876FC3C}.Release|Win32.Build.0 = Release|Win32
		{FD879CDC-5A63-4933-BB07-4DFD863A50F9}.Debug|Any CPU.ActiveCfg = Debug|Win32
		{FD879CDC-5A63-4933-BB07-4DFD863A50F9}.Debug|Mixed Platforms.ActiveCfg = Debug|Win32
		{FD879CDC-5A63-4933-BB07-4DFD863A50F9}.Debug|Mixed Platforms.Build.0 = Debug|Win32
		{FD879CDC-5A63-4933-BB07-4DFD863A50F9}.Debug|Win32.ActiveCfg = Debug|Win32
		{FD879CDC-5A63-4933-BB07-4DFD863A50F9}.Debug|Win32.Build.0 = Debug|Win32
		{FD879CDC-5A63-4933-BB07-4DFD863A50F9}.Release|Any CPU.ActiveCfg = Release|Win32
		{FD879CDC-5A63-4933-BB07-4DFD863A50F9}.Release|Mixed Platforms.ActiveCfg = Release|Win32
		{FD879CDC-5A63-4933-BB07-4DFD863A50F9}.Release|Mixed Platforms.Build.0 = Release|Win32
		{FD879CDC-5A63-4933-BB07-4DFD863A50F9}.Release|Win32.ActiveCfg = Release|Win32
		{FD879CDC-5A63-4933-BB07-4DFD863A50F9}.Release|Win32.Build.0 = Release|Win32
		{3F15BEC3-47B5-4FFD-B9B3-F20B70B5EA52}.Debug|Any CPU.ActiveCfg = Debug|Win32
		{3F15BEC3-47B5-4FFD-B9B3-F20B70B5EA52}.Debug|Mixed Platforms.ActiveCfg = Debug|Win32
		{3F15BEC3-47B5-4FFD-B9B3-F20B70B5EA52}.Debug|Mixed Platforms.Build.0 = Debug|Win32
		{3F15BEC3-47B5-4FFD-B9B3-F20B70B5EA52}.Debug|Win32.ActiveCfg = Debug|Win32
		{3F15BEC3-47B5-4FFD-B9B3-F20B70B5EA52}.Debug|Win32.Build.0 = Debug|Win32
		{3F15BEC3-47B5-4FFD-B9B3-F20B70B5EA52}.Release|Any CPU.ActiveCfg = Release|Win32
		{3F15BEC3-47B5-4FFD-B9B3-F20B70B5EA52}.Release|Mixed Platforms.ActiveCfg = Release|Win32
		{3F15BEC3-47B5-4FFD-B9B3-F20B70B5EA52}.Release|Mixed Platforms.Build.0 = Release|Win32
		{3F15BEC3-47B5-4FFD-B9B3-F20B70B5EA52}.Release|Win32.ActiveCfg = Release|Win32
		{3F15BEC3-47B5-4FFD-B9B3-F20B70B5EA52}.Release|Win32.Build.0 = Release|Win32
		{0C99FA91-7935-41D0-ABF0-89584D4ABA5C}.Debug|Any CPU.ActiveCfg = Debug|Win32
		{0C99FA91-7935-41D0-ABF0-89584D4ABA5C}.Debug|Mixed Platforms.ActiveCfg = Debug|Win32
		{0C99FA91-7935-41D0-ABF0-89584D4ABA5C}.Debug|Mixed Platforms.Build.0 = Debug|Win32
		{0C99FA91-7935-41D0-ABF0-89584D4ABA5C}.Debug|Win32.ActiveCfg = Debug|Win32
		{0C99FA91-7935-41D0-ABF0-89584D4ABA5C}.Debug|Win32.Build.0 = Debug|Win32
		{0C99FA91-7935-41D0-ABF0-89584D4ABA5C}.Release|Any CPU.ActiveCfg = Release|Win32
		{0C99FA91-7935-41D0-ABF0-89584D4ABA5C}.Release|Mixed Platforms.ActiveCfg = Release|Win32
		{0C99FA91-7935-41D0-ABF0-89584D4ABA5C}.Release|Mixed Platforms.Build.0 = Release|Win32
		{0C99FA91-7935-41D0-ABF0-89584D4ABA5C}.Release|Win32.ActiveCfg = Release|Win32
		{0C99FA91-7935-41D0-ABF0-89584D4ABA5C}.Release|Win32.Build.0 = Release|Win32
		{AF746C17-389C-4325-AD77-B0B4C389232B}.Debug|Any CPU.ActiveCfg = Debug|Win32
		{AF746C17-389C-4325-AD77-B0B4C389232B}.Debug|Mixed Platforms.ActiveCfg = Debug|Win32
		{AF746C17-389C-4325-AD77-B0B4C389232B}.Debug|Mixed Platforms.Build.0 = Debug|Win32
		{AF746C17-389C-4325-AD77-B0B4C389232B}.Debug|Win32.ActiveCfg = Debug|Win32
		{AF746C17-389C-4325-AD77-B0B4C389232B}.Debug|Win32.Build.0 = Debug|Win32
		{AF746C17-389C-4325-AD77-B0B4C389232B}.Release|Any CPU.ActiveCfg = Release|Win32
		{AF746C17-389C-4325-AD77-B0B4C389232B}.Release|Mixed Platforms.ActiveCfg = Release|Win32
		{AF746C17-389C-4325-AD77-B0B4C389232B}.Release|Mixed Platforms.Build.0 = Release|Win32
		{AF746C17-389C-4325-AD77-B0B4C389232B}.Release|Win32.ActiveCfg = Release|Win32
		{AF746C17-389C-4325-AD77-B0B4C389232B}.Release|Win32.Build.0 = Release|Win32
		{ECF9955F-E438-4057-A5E9-B048CBCE55D0}.Debug|Any CPU.ActiveCfg = Debug|Win32
		{ECF9955F-E438-4057-A5E9-B048CBCE55D0}.Debug|Mixed Platforms.ActiveCfg = Debug|Win32
		{ECF9955F-E438-4057-A5E9-B048CBCE55D0}.Debug|Mixed Platforms.Build.0 = Debug|Win32
		{ECF9955F-E438-4057-A5E9-B048CBCE55D0}.Debug|Win32.ActiveCfg = Debug|Win32
		{ECF9955F-E438-4057-A5E9-B048CBCE55D0}.Debug|Win32.Build.0 = Debug|Win32
		{ECF9955F-E438-4057-A5E9-B048CBCE55D0}.Release|Any CPU.ActiveCfg = Release|Win32
		{ECF9955F-E438-4057-A5E9-B048CBCE55D0}.Release|Mixed Platforms.ActiveCfg = Release|Win32
		{ECF9955F-E438-4057-A5E9-B048CBCE55D0}.Release|Mixed Platforms.Build.0 = Release|Win32
		{ECF9955F-E438-4057-A5E9-B048CBCE55D0}.Release|Win32.ActiveCfg = Release|Win32
		{ECF9955F-E438-4057-A5E9-B048CBCE55D0}.Release|Win32.Build.0 = Release|Win32
		{706F8F0F-8706-4113-A511-241FD0EE08C4}.Debug|Any CPU.ActiveCfg = Debug|Win32
		{706F8F0F-8706-4113-A511-241FD0EE08C4}.Debug|Mixed Platforms.ActiveCfg = Debug|Win32
		{706F8F0F-8706-4113-A511-241FD0EE08C4}.Debug|Mixed Platforms.Build.0 = Debug|Win32
		{706F8F0F-8706-4113-A511-241FD0EE08C4}.Debug|Win32.ActiveCfg = Debug|Win32
		{706F8F0F-8706-4113-A511-241FD0EE08C4}.Debug|Win32.Build.0 = Debug|Win32
		{706F8F0F-8706-4113-A511-241FD0EE08C4}.Release|Any CPU.ActiveCfg = Release|Win32
		{706F8F0F-8706-4113-A511-241FD0EE08C4}.Release|Mixed Platforms.ActiveCfg = Release|Win32
		{706F8F0F-8706-4113-A511-241FD0EE08C4}.Release|Mixed Platforms.Build.0 = Release|Win32
		{706F8F0F-8706-4113-A511-241FD0EE08C4}.Release|Win32.ActiveCfg = Release|Win32
		{706F8F0F-8706-4113-A511-241FD0EE08C4}.Release|Win32.Build.0 = Release|Win32
		{7D2815EE-C8B0-48F8-9AC6-7344A0158DB4}.Debug|Any CPU.ActiveCfg = Debug|Win32
		{7D2815EE-C8B0-48F8-9AC6-7344A0158DB4}.Debug|Mixed Platforms.ActiveCfg = Debug|Win32
		{7D2815EE-C8B0-48F8-9AC6-7344A0158DB4}.Debug|Mixed Platforms.Build.0 = Debug|Win32
		{7D2815EE-C8B0-48F8-9AC6-7344A0158DB4}.Debug|Win32.ActiveCfg = Debug|Win32
		{7D2815EE-C8B0-48F8-9AC6-7344A0158DB4}.Debug|Win32.Build.0 = Debug|Win32
		{7D2815EE-C8B0-48F8-9AC6-7344A0158DB4}.Release|Any CPU.ActiveCfg = Release|Win32
		{7D2815EE-C8B0-48F8-9AC6-7344A0158DB4}.Release|Mixed Platforms.ActiveCfg = Release|Win32
		{7D2815EE-C8B0-48F8-9AC6-7344A0158DB4}.Release|Mixed Platforms.Build.0 = Release|Win32
		{7D2815EE-C8B0-48F8-9AC6-7344A0158DB4}.Release|Win32.ActiveCfg = Release|Win32
		{7D2815EE-C8B0-48F8-9AC6-7344A0158DB4}.Release|Win32.Build.0 = Release|Win32
		{72363731-3EE4-4E57-8A06-0AA8777D4583}.Debug|Any CPU.ActiveCfg = Debug|Win32
		{72363731-3EE4-4E57-8A06-0AA8777D4583}.Debug|Mixed Platforms.ActiveCfg = Debug|Win32
		{72363731-3EE4-4E57-8A06-0AA8777D4583}.Debug|Mixed Platforms.Build.0 = Debug|Win32
		{72363731-3EE4-4E57-8A06-0AA8777D4583}.Debug|Win32.ActiveCfg = Debug|Win32
		{72363731-3EE4-4E57-8A06-0AA8777D4583}.Debug|Win32.Build.0 = Debug|Win32
		{72363731-3EE4-4E57-8A06-0AA8777D4583}.Release|Any CPU.ActiveCfg = Release|Win32
		{72363731-3EE4-4E57-8A06-0AA8777D4583}.Release|Mixed Platforms.ActiveCfg = Release|Win32
		{72363731-3EE4-4E57-8A06-0AA8777D4583}.Release|Mixed Platforms.Build.0 = Release|Win32
		{72363731-3EE4-4E57-8A06-0AA8777D4583}.Release|Win32.ActiveCfg = Release|Win32
		{72363731-3EE4-4E57-8A06-0AA8777D4583}.Release|Win32.Build.0 = Release|Win32
		{C0333C4D-E1D0-45FC-9D05-BC6FADD420BE}.Debug|Any CPU.ActiveCfg = Debug|Win32
		{C0333C4D-E1D0-45FC-9D05-BC6FADD420BE}.Debug|Mixed Platforms.ActiveCfg = Debug|Win32
		{C0333C4D-E1D0-45FC-9D05-BC6FADD420BE}.Debug|Mixed Platforms.Build.0 = Debug|Win32
		{C0333C4D-E1D0-45FC-9D05-BC6FADD420BE}.Debug|Win32.ActiveCfg = Debug|Win32
		{C0333C4D-E1D0-45FC-9D05-BC6FADD420BE}.Debug|Win32.Build.0 = Debug|Win32
		{C0333C4D-E1D0-45FC-9D05-BC6FADD420BE}.Release|Any CPU.ActiveCfg = Release|Win32
		{C0333C4D-E1D0-45FC-9D05-BC6FADD420BE}.Release|Mixed Platforms.ActiveCfg = Release|Win32
		{C0333C4D-E1D0-45FC-9D05-BC6FADD420BE}.Release|Mixed Platforms.Build.0 = Release|Win32
		{C0333C4D-E1D0-45FC-9D05-BC6FADD420BE}.Release|Win32.ActiveCfg = Release|Win32
		{C0333C4D-E1D0-45FC-9D05-BC6FADD420BE}.Release|Win32.Build.0 = Release|Win32
		{19D9FE95-745E-415B-99F4-5269A231EA58}.Debug|Any CPU.ActiveCfg = Debug|Win32
		{19D9FE95-745E-415B-99F4-5269A231EA58}.Debug|Mixed Platforms.ActiveCfg = Debug|Win32
		{19D9FE95-745E-415B-99F4-5269A231EA58}.Debug|Mixed Platforms.Build.0 = Debug|Win32
		{19D9FE95-745E-415B-99F4-5269A231EA58}.Debug|Win32.ActiveCfg = Debug|Win32
		{19D9FE95-745E-415B-99F4-5269A231EA58}.Debug|Win32.Build.0 = Debug|Win32
		{19D9FE95-745E-415B-99F4-5269A231EA58}.Release|Any CPU.ActiveCfg = Release|Win32
		{19D9FE95-745E-415B-99F4-5269A231EA58}.Release|Mixed Platforms.ActiveCfg = Release|Win32
		{19D9FE95-745E-415B-99F4-5269A231EA58}.Release|Mixed Platforms.Build.0 = Release|Win32
		{19D9FE95-745E-415B-99F4-5269A231EA58}.Release|Win32.ActiveCfg = Release|Win32
		{19D9FE95-745E-415B-99F4-5269A231EA58}.Release|Win32.Build.0 = Release|Win32
		{198CD8F8-0BBB-4F29-8885-005FB4184BB0}.Debug|Any CPU.ActiveCfg = Debug|Win32
		{198CD8F8-0BBB-4F29-8885-005FB4184BB0}.Debug|Mixed Platforms.ActiveCfg = Debug|Win32
		{198CD8F8-0BBB-4F29-8885-005FB4184BB0}.Debug|Mixed Platforms.Build.0 = Debug|Win32
		{198CD8F8-0BBB-4F29-8885-005FB4184BB0}.Debug|Win32.ActiveCfg = Debug|Win32
		{198CD8F8-0BBB-4F29-8885-005FB4184BB0}.Debug|Win32.Build.0 = Debug|Win32
		{198CD8F8-0BBB-4F29-8885-005FB4184BB0}.Release|Any CPU.ActiveCfg = Release|Win32
		{198CD8F8-0BBB-4F29-8885-005FB4184BB0}.Release|Mixed Platforms.ActiveCfg = Release|Win32
		{198CD8F8-0BBB-4F29-8885-005FB4184BB0}.Release|Mixed Platforms.Build.0 = Release|Win32
		{198CD8F8-0BBB-4F29-8885-005FB4184BB0}.Release|Win32.ActiveCfg = Release|Win32
		{198CD8F8-0BBB-4F29-8885-005FB4184BB0}.Release|Win32.Build.0 = Release|Win32
		{2F1054DE-E355-4A13-BF10-135C2ED60B01}.Debug|Any CPU.ActiveCfg = Debug|Win32
		{2F1054DE-E355-4A13-BF10-135C2ED60B01}.Debug|Mixed Platforms.ActiveCfg = Debug|Win32
		{2F1054DE-E355-4A13-BF10-135C2ED60B01}.Debug|Mixed Platforms.Build.0 = Debug|Win32
		{2F1054DE-E355-4A13-BF10-135C2ED60B01}.Debug|Win32.ActiveCfg = Debug|Win32
		{2F1054DE-E355-4A13-BF10-135C2ED60B01}.Debug|Win32.Build.0 = Debug|Win32
		{2F1054DE-E355-4A13-BF10-135C2ED60B01}.Release|Any CPU.ActiveCfg = Release|Win32
		{2F1054DE-E355-4A13-BF10-135C2ED60B01}.Release|Mixed Platforms.ActiveCfg = Release|Win32
		{2F1054DE-E355-4A13-BF10-135C2ED60B01}.Release|Mixed Platforms.Build.0 = Release|Win32
		{2F1054DE-E355-4A13-BF10-135C2ED60B01}.Release|Win32.ActiveCfg = Release|Win32
		{2F1054DE-E355-4A13-BF10-135C2ED60B01}.Release|Win32.Build.0 = Release|Win32
		{CD5864CE-5BAB-4EA7-919B-A5BFB684F9CC}.Debug|Any CPU.ActiveCfg = Debug|Win32
		{CD5864CE-5BAB-4EA7-919B-A5BFB684F9CC}.Debug|Mixed Platforms.ActiveCfg = Debug|Win32
		{CD5864CE-5BAB-4EA7-919B-A5BFB684F9CC}.Debug|Mixed Platforms.Build.0 = Debug|Win32
		{CD5864CE-5BAB-4EA7-919B-A5BFB684F9CC}.Debug|Win32.ActiveCfg = Debug|Win32
		{CD5864CE-5BAB-4EA7-919B-A5BFB684F9CC}.Debug|Win32.Build.0 = Debug|Win32
		{CD5864CE-5BAB-4EA7-919B-A5BFB684F9CC}.Release|Any CPU.ActiveCfg = Release|Win32
		{CD5864CE-5BAB-4EA7-919B-A5BFB684F9CC}.Release|Mixed Platforms.ActiveCfg = Release|Win32
		{CD5864CE-5BAB-4EA7-919B-A5BFB684F9CC}.Release|Mixed Platforms.Build.0 = Release|Win32
		{CD5864CE-5BAB-4EA7-919B-A5BFB684F9CC}.Release|Win32.ActiveCfg = Release|Win32
		{CD5864CE-5BAB-4EA7-919B-A5BFB684F9CC}.Release|Win32.Build.0 = Release|Win32
		{1313FEBB-0E3D-4257-B506-99B247CCFCC2}.Debug|Any CPU.ActiveCfg = Debug|Win32
		{1313FEBB-0E3D-4257-B506-99B247CCFCC2}.Debug|Mixed Platforms.ActiveCfg = Debug|Win32
		{1313FEBB-0E3D-4257-B506-99B247CCFCC2}.Debug|Mixed Platforms.Build.0 = Debug|Win32
		{1313FEBB-0E3D-4257-B506-99B247CCFCC2}.Debug|Win32.ActiveCfg = Debug|Win32
		{1313FEBB-0E3D-4257-B506-99B247CCFCC2}.Debug|Win32.Build.0 = Debug|Win32
		{1313FEBB-0E3D-4257-B506-99B247CCFCC2}.Release|Any CPU.ActiveCfg = Release|Win32
		{1313FEBB-0E3D-4257-B506-99B247CCFCC2}.Release|Mixed Platforms.ActiveCfg = Release|Win32
		{1313FEBB-0E3D-4257-B506-99B247CCFCC2}.Release|Mixed Platforms.Build.0 = Release|Win32
		{1313FEBB-0E3D-4257-B506-99B247CCFCC2}.Release|Win32.ActiveCfg = Release|Win32
		{1313FEBB-0E3D-4257-B506-99B247CCFCC2}.Release|Win32.Build.0 = Release|Win32
		{F9331A1B-5FBF-43E4-8FD1-6D69B31FDFD8}.Debug|Any CPU.ActiveCfg = Debug|Win32
		{F9331A1B-5FBF-43E4-8FD1-6D69B31FDFD8}.Debug|Mixed Platforms.ActiveCfg = Debug|Win32
		{F9331A1B-5FBF-43E4-8FD1-6D69B31FDFD8}.Debug|Mixed Platforms.Build.0 = Debug|Win32
		{F9331A1B-5FBF-43E4-8FD1-6D69B31FDFD8}.Debug|Win32.ActiveCfg = Debug|Win32
		{F9331A1B-5FBF-43E4-8FD1-6D69B31FDFD8}.Debug|Win32.Build.0 = Debug|Win32
		{F9331A1B-5FBF-43E4-8FD1-6D69B31FDFD8}.Release|Any CPU.ActiveCfg = Release|Win32
		{F9331A1B-5FBF-43E4-8FD1-6D69B31FDFD8}.Release|Mixed Platforms.ActiveCfg = Release|Win32
		{F9331A1B-5FBF-43E4-8FD1-6D69B31FDFD8}.Release|Mixed Platforms.Build.0 = Release|Win32
		{F9331A1B-5FBF-43E4-8FD1-6D69B31FDFD8}.Release|Win32.ActiveCfg = Release|Win32
		{F9331A1B-5FBF-43E4-8FD1-6D69B31FDFD8}.Release|Win32.Build.0 = Release|Win32
		{C831715F-400B-4B49-9351-667A08AC3517}.Debug|Any CPU.ActiveCfg = Debug|Win32
		{C831715F-400B-4B49-9351-667A08AC3517}.Debug|Mixed Platforms.ActiveCfg = Debug|Win32
		{C831715F-400B-4B49-9351-667A08AC3517}.Debug|Mixed Platforms.Build.0 = Debug|Win32
		{C831715F-400B-4B49-9351-667A08AC3517}.Debug|Win32.ActiveCfg = Debug|Win32
		{C831715F-400B-4B49-9351-667A08AC3517}.Debug|Win32.Build.0 = Debug|Win32
		{C831715F-400B-4B49-9351-667A08AC3517}.Release|Any CPU.ActiveCfg = Release|Win32
		{C831715F-400B-4B49-9351-667A08AC3517}.Release|Mixed Platforms.ActiveCfg = Release|Win32
		{C831715F-400B-4B49-9351-667A08AC3517}.Release|Mixed Platforms.Build.0 = Release|Win32
		{C831715F-400B-4B49-9351-667A08AC3517}.Release|Win32.ActiveCfg = Release|Win32
		{C831715F-400B-4B49-9351-667A08AC3517}.Release|Win32.Build.0 = Release|Win32
		{62CCA57D-410A-4ED5-BCE1-01D2CEB33C71}.Debug|Any CPU.ActiveCfg = Debug|Win32
		{62CCA57D-410A-4ED5-BCE1-01D2CEB33C71}.Debug|Mixed Platforms.ActiveCfg = Debug|Win32
		{62CCA57D-410A-4ED5-BCE1-01D2CEB33C71}.Debug|Mixed Platforms.Build.0 = Debug|Win32
		{62CCA57D-410A-4ED5-BCE1-01D2CEB33C71}.Debug|Win32.ActiveCfg = Debug|Win32
		{62CCA57D-410A-4ED5-BCE1-01D2CEB33C71}.Debug|Win32.Build.0 = Debug|Win32
		{62CCA57D-410A-4ED5-BCE1-01D2CEB33C71}.Release|Any CPU.ActiveCfg = Release|Win32
		{62CCA57D-410A-4ED5-BCE1-01D2CEB33C71}.Release|Mixed Platforms.ActiveCfg = Release|Win32
		{62CCA57D-410A-4ED5-BCE1-01D2CEB33C71}.Release|Mixed Platforms.Build.0 = Release|Win32
		{62CCA57D-410A-4ED5-BCE1-01D2CEB33C71}.Release|Win32.ActiveCfg = Release|Win32
		{62CCA57D-410A-4ED5-BCE1-01D2CEB33C71}.Release|Win32.Build.0 = Release|Win32
		{53925210-1BD1-4812-8126-FCF3E1CA19FE}.Debug|Any CPU.ActiveCfg = Debug|Win32
		{53925210-1BD1-4812-8126-FCF3E1CA19FE}.Debug|Mixed Platforms.ActiveCfg = Debug|Win32
		{53925210-1BD1-4812-8126-FCF3E1CA19FE}.Debug|Mixed Platforms.Build.0 = Debug|Win32
		{53925210-1BD1-4812-8126-FCF3E1CA19FE}.Debug|Win32.ActiveCfg = Debug|Win32
		{53925210-1BD1-4812-8126-FCF3E1CA19FE}.Debug|Win32.Build.0 = Debug|Win32
		{53925210-1BD1-4812-8126-FCF3E1CA19FE}.Release|Any CPU.ActiveCfg = Release|Win32
		{53925210-1BD1-4812-8126-FCF3E1CA19FE}.Release|Mixed Platforms.ActiveCfg = Release|Win32
		{53925210-1BD1-4812-8126-FCF3E1CA19FE}.Release|Mixed Platforms.Build.0 = Release|Win32
		{53925210-1BD1-4812-8126-FCF3E1CA19FE}.Release|Win32.ActiveCfg = Release|Win32
		{53925210-1BD1-4812-8126-FCF3E1CA19FE}.Release|Win32.Build.0 = Release|Win32
		{9DF48F32-07E2-4C0E-80D0-BE38E541AFA0}.Debug|Any CPU.ActiveCfg = Debug|Win32
		{9DF48F32-07E2-4C0E-80D0-BE38E541AFA0}.Debug|Mixed Platforms.ActiveCfg = Debug|Win32
		{9DF48F32-07E2-4C0E-80D0-BE38E541AFA0}.Debug|Mixed Platforms.Build.0 = Debug|Win32
		{9DF48F32-07E2-4C0E-80D0-BE38E541AFA0}.Debug|Win32.ActiveCfg = Debug|Win32
		{9DF48F32-07E2-4C0E-80D0-BE38E541AFA0}.Debug|Win32.Build.0 = Debug|Win32
		{9DF48F32-07E2-4C0E-80D0-BE38E541AFA0}.Release|Any CPU.ActiveCfg = Release|Win32
		{9DF48F32-07E2-4C0E-80D0-BE38E541AFA0}.Release|Mixed Platforms.ActiveCfg = Release|Win32
		{9DF48F32-07E2-4C0E-80D0-BE38E541AFA0}.Release|Mixed Platforms.Build.0 = Release|Win32
		{9DF48F32-07E2-4C0E-80D0-BE38E541AFA0}.Release|Win32.ActiveCfg = Release|Win32
		{9DF48F32-07E2-4C0E-80D0-BE38E541AFA0}.Release|Win32.Build.0 = Release|Win32
		{E34C5054-9EBD-4D05-9E2E-19A8F95A4FE9}.Debug|Any CPU.ActiveCfg = Debug|Win32
		{E34C5054-9EBD-4D05-9E2E-19A8F95A4FE9}.Debug|Mixed Platforms.ActiveCfg = Debug|Win32
		{E34C5054-9EBD-4D05-9E2E-19A8F95A4FE9}.Debug|Mixed Platforms.Build.0 = Debug|Win32
		{E34C5054-9EBD-4D05-9E2E-19A8F95A4FE9}.Debug|Win32.ActiveCfg = Debug|Win32
		{E34C5054-9EBD-4D05-9E2E-19A8F95A4FE9}.Debug|Win32.Build.0 = Debug|Win32
		{E34C5054-9EBD-4D05-9E2E-19A8F95A4FE9}.Release|Any CPU.ActiveCfg = Release|Win32
		{E34C5054-9EBD-4D05-9E2E-19A8F95A4FE9}.Release|Mixed Platforms.ActiveCfg = Release|Win32
		{E34C5054-9EBD-4D05-9E2E-19A8F95A4FE9}.Release|Mixed Platforms.Build.0 = Release|Win32
		{E34C5054-9EBD-4D05-9E2E-19A8F95A4FE9}.Release|Win32.ActiveCfg = Release|Win32
		{E34C5054-9EBD-4D05-9E2E-19A8F95A4FE9}.Release|Win32.Build.0 = Release|Win32
		{6A99C929-FCEA-40DC-9BDC-F8428FE8FC64}.Debug|Any CPU.ActiveCfg = Debug|Win32
		{6A99C929-FCEA-40DC-9BDC-F8428FE8FC64}.Debug|Mixed Platforms.ActiveCfg = Debug|Win32
		{6A99C929-FCEA-40DC-9BDC-F8428FE8FC64}.Debug|Mixed Platforms.Build.0 = Debug|Win32
		{6A99C929-FCEA-40DC-9BDC-F8428FE8FC64}.Debug|Win32.ActiveCfg = Debug|Win32
		{6A99C929-FCEA-40DC-9BDC-F8428FE8FC64}.Debug|Win32.Build.0 = Debug|Win32
		{6A99C929-FCEA-40DC-9BDC-F8428FE8FC64}.Release|Any CPU.ActiveCfg = Release|Win32
		{6A99C929-FCEA-40DC-9BDC-F8428FE8FC64}.Release|Mixed Platforms.ActiveCfg = Release|Win32
		{6A99C929-FCEA-40DC-9BDC-F8428FE8FC64}.Release|Mixed Platforms.Build.0 = Release|Win32
		{6A99C929-FCEA-40DC-9BDC-F8428FE8FC64}.Release|Win32.ActiveCfg = Release|Win32
		{6A99C929-FCEA-40DC-9BDC-F8428FE8FC64}.Release|Win32.Build.0 = Release|Win32
		{40CBC31B-BBDB-4852-A4EA-8A440DB4D1E7}.Debug|Any CPU.ActiveCfg = Debug|Win32
		{40CBC31B-BBDB-4852-A4EA-8A440DB4D1E7}.Debug|Mixed Platforms.ActiveCfg = Debug|Win32
		{40CBC31B-BBDB-4852-A4EA-8A440DB4D1E7}.Debug|Mixed Platforms.Build.0 = Debug|Win32
		{40CBC31B-BBDB-4852-A4EA-8A440DB4D1E7}.Debug|Win32.ActiveCfg = Debug|Win32
		{40CBC31B-BBDB-4852-A4EA-8A440DB4D1E7}.Debug|Win32.Build.0 = Debug|Win32
		{40CBC31B-BBDB-4852-A4EA-8A440DB4D1E7}.Release|Any CPU.ActiveCfg = Release|Win32
		{40CBC31B-BBDB-4852-A4EA-8A440DB4D1E7}.Release|Mixed Platforms.ActiveCfg = Release|Win32
		{40CBC31B-BBDB-4852-A4EA-8A440DB4D1E7}.Release|Mixed Platforms.Build.0 = Release|Win32
		{40CBC31B-BBDB-4852-A4EA-8A440DB4D1E7}.Release|Win32.ActiveCfg = Release|Win32
		{40CBC31B-BBDB-4852-A4EA-8A440DB4D1E7}.Release|Win32.Build.0 = Release|Win32
		{B02C363F-31DE-4AEB-B836-545C330090E3}.Debug|Any CPU.ActiveCfg = Debug|Win32
		{B02C363F-31DE-4AEB-B836-545C330090E3}.Debug|Mixed Platforms.ActiveCfg = Debug|Win32
		{B02C363F-31DE-4AEB-B836-545C330090E3}.Debug|Mixed Platforms.Build.0 = Debug|Win32
		{B02C363F-31DE-4AEB-B836-545C330090E3}.Debug|Win32.ActiveCfg = Debug|Win32
		{B02C363F-31DE-4AEB-B836-545C330090E3}.Debug|Win32.Build.0 = Debug|Win32
		{B02C363F-31DE-4AEB-B836-545C330090E3}.Release|Any CPU.ActiveCfg = Release|Win32
		{B02C363F-31DE-4AEB-B836-545C330090E3}.Release|Mixed Platforms.ActiveCfg = Release|Win32
		{B02C363F-31DE-4AEB-B836-545C330090E3}.Release|Mixed Platforms.Build.0 = Release|Win32
		{B02C363F-31DE-4AEB-B836-545C330090E3}.Release|Win32.ActiveCfg = Release|Win32
		{B02C363F-31DE-4AEB-B836-545C330090E3}.Release|Win32.Build.0 = Release|Win32
		{99A3B2EF-FF6E-42C5-965F-3624A81C70E8}.Debug|Any CPU.ActiveCfg = Debug|Win32
		{99A3B2EF-FF6E-42C5-965F-3624A81C70E8}.Debug|Mixed Platforms.ActiveCfg = Debug|Win32
		{99A3B2EF-FF6E-42C5-965F-3624A81C70E8}.Debug|Mixed Platforms.Build.0 = Debug|Win32
		{99A3B2EF-FF6E-42C5-965F-3624A81C70E8}.Debug|Win32.ActiveCfg = Debug|Win32
		{99A3B2EF-FF6E-42C5-965F-3624A81C70E8}.Debug|Win32.Build.0 = Debug|Win32
		{99A3B2EF-FF6E-42C5-965F-3624A81C70E8}.Release|Any CPU.ActiveCfg = Release|Win32
		{99A3B2EF-FF6E-42C5-965F-3624A81C70E8}.Release|Mixed Platforms.ActiveCfg = Release|Win32
		{99A3B2EF-FF6E-42C5-965F-3624A81C70E8}.Release|Mixed Platforms.Build.0 = Release|Win32
		{99A3B2EF-FF6E-42C5-965F-3624A81C70E8}.Release|Win32.ActiveCfg = Release|Win32
		{99A3B2EF-FF6E-42C5-965F-3624A81C70E8}.Release|Win32.Build.0 = Release|Win32
		{B759D58E-75DD-45BA-BE86-2CA02D774DBA}.Debug|Any CPU.ActiveCfg = Debug|Win32
		{B759D58E-75DD-45BA-BE86-2CA02D774DBA}.Debug|Mixed Platforms.ActiveCfg = Debug|Win32
		{B759D58E-75DD-45BA-BE86-2CA02D774DBA}.Debug|Mixed Platforms.Build.0 = Debug|Win32
		{B759D58E-75DD-45BA-BE86-2CA02D774DBA}.Debug|Win32.ActiveCfg = Debug|Win32
		{B759D58E-75DD-45BA-BE86-2CA02D774DBA}.Debug|Win32.Build.0 = Debug|Win32
		{B759D58E-75DD-45BA-BE86-2CA02D774DBA}.Release|Any CPU.ActiveCfg = Release|Win32
		{B759D58E-75DD-45BA-BE86-2CA02D774DBA}.Release|Mixed Platforms.ActiveCfg = Release|Win32
		{B759D58E-75DD-45BA-BE86-2CA02D774DBA}.Release|Mixed Platforms.Build.0 = Release|Win32
		{B759D58E-75DD-45BA-BE86-2CA02D774DBA}.Release|Win32.ActiveCfg = Release|Win32
		{B759D58E-75DD-45BA-BE86-2CA02D774DBA}.Release|Win32.Build.0 = Release|Win32
	EndGlobalSection
	GlobalSection(SolutionProperties) = preSolution
		HideSolutionNode = FALSE
	EndGlobalSection
EndGlobal
